
Microsoft Visual Studio Solution File, Format Version 12.00
# Visual Studio Version 17
VisualStudioVersion = 17.14.36804.6 d17.14
MinimumVisualStudioVersion = 10.0.40219.1
Project("{FAE04EC0-301F-11D3-BF4B-00C04F79EFBC}") = "SweetShop.Api", "..\SweetShop.Api\SweetShop.Api.csproj", "{3C2889A3-571C-4376-BF44-BF7764C61C87}"
EndProject
Project("{FAE04EC0-301F-11D3-BF4B-00C04F79EFBC}") = "SweetShop.Tests", "..\SweetShop.Tests\SweetShop.Tests.csproj", "{F8FC4F8F-2F2E-42D3-85A1-1116DD8BB4BA}"
EndProject
Global
	GlobalSection(SolutionConfigurationPlatforms) = preSolution
		Debug|Any CPU = Debug|Any CPU
		Release|Any CPU = Release|Any CPU
	EndGlobalSection
	GlobalSection(ProjectConfigurationPlatforms) = postSolution
		{3C2889A3-571C-4376-BF44-BF7764C61C87}.Debug|Any CPU.ActiveCfg = Debug|Any CPU
		{3C2889A3-571C-4376-BF44-BF7764C61C87}.Debug|Any CPU.Build.0 = Debug|Any CPU
		{3C2889A3-571C-4376-BF44-BF7764C61C87}.Release|Any CPU.ActiveCfg = Release|Any CPU
		{3C2889A3-571C-4376-BF44-BF7764C61C87}.Release|Any CPU.Build.0 = Release|Any CPU
		{F8FC4F8F-2F2E-42D3-85A1-1116DD8BB4BA}.Debug|Any CPU.ActiveCfg = Debug|Any CPU
		{F8FC4F8F-2F2E-42D3-85A1-1116DD8BB4BA}.Debug|Any CPU.Build.0 = Debug|Any CPU
		{F8FC4F8F-2F2E-42D3-85A1-1116DD8BB4BA}.Release|Any CPU.ActiveCfg = Release|Any CPU
		{F8FC4F8F-2F2E-42D3-85A1-1116DD8BB4BA}.Release|Any CPU.Build.0 = Release|Any CPU
	EndGlobalSection
	GlobalSection(SolutionProperties) = preSolution
		HideSolutionNode = FALSE
	EndGlobalSection
	GlobalSection(ExtensibilityGlobals) = postSolution
		SolutionGuid = {02CBEE25-20F3-4D52-A78E-0C4B529E9448}
	EndGlobalSection
EndGlobal
